// !$*UTF8*$!
{
	archiveVersion = 1;
	classes = {
	};
	objectVersion = 77;
	objects = {

/* Begin PBXBuildFile section */
		0FFB0DAC2E0D782C0071973F /* ScrollLinkedTabsApp.swift in Sources */ = {isa = PBXBuildFile; fileRef = 0FFB0DA92E0D782C0071973F /* ScrollLinkedTabsApp.swift */; };
		0FFB0DAD2E0D782C0071973F /* Preview Assets.xcassets in Resources */ = {isa = PBXBuildFile; fileRef = 0FFB0DA52E0D782C0071973F /* Preview Assets.xcassets */; };
		0FFB0DAE2E0D782C0071973F /* Assets.xcassets in Resources */ = {isa = PBXBuildFile; fileRef = 0FFB0DA72E0D782C0071973F /* Assets.xcassets */; };
		0FFB0DB12E0D7DCD0071973F /* Post.swift in Sources */ = {isa = PBXBuildFile; fileRef = 0FFB0DB02E0D7DCD0071973F /* Post.swift */; };
		0FFB0DB32E0D7DE50071973F /* Topic.swift in Sources */ = {isa = PBXBuildFile; fileRef = 0FFB0DB22E0D7DE50071973F /* Topic.swift */; };
		0FFB0DB52E0D7DFD0071973F /* FeedResponse.swift in Sources */ = {isa = PBXBuildFile; fileRef = 0FFB0DB42E0D7DFD0071973F /* FeedResponse.swift */; };
		0FFB0DB72E0D7F360071973F /* FeedServiceProtocol.swift in Sources */ = {isa = PBXBuildFile; fileRef = 0FFB0DB62E0D7F360071973F /* FeedServiceProtocol.swift */; };
		0FFB0DB92E0D7F4A0071973F /* FeedService.swift in Sources */ = {isa = PBXBuildFile; fileRef = 0FFB0DB82E0D7F4A0071973F /* FeedService.swift */; };
		0FFB0DC02E0E64F20071973F /* HomeViewModel.swift in Sources */ = {isa = PBXBuildFile; fileRef = 0FFB0DBE2E0E64F20071973F /* HomeViewModel.swift */; };
		0FFB0DC32E0E65D70071973F /* TabItemView.swift in Sources */ = {isa = PBXBuildFile; fileRef = 0FFB0DC22E0E65D70071973F /* TabItemView.swift */; };
		0FFB0DC52E0E67D80071973F /* TabsBarView.swift in Sources */ = {isa = PBXBuildFile; fileRef = 0FFB0DC42E0E67D80071973F /* TabsBarView.swift */; };
		0FFB0DC72E0E68DB0071973F /* PostView.swift in Sources */ = {isa = PBXBuildFile; fileRef = 0FFB0DC62E0E68DB0071973F /* PostView.swift */; };
		0FFB0DCD2E0E69DF0071973F /* Color+Hex.swift in Sources */ = {isa = PBXBuildFile; fileRef = 0FFB0DCB2E0E69DF0071973F /* Color+Hex.swift */; };
		0FFB0DD02E0E6B270071973F /* PostsFeedView.swift in Sources */ = {isa = PBXBuildFile; fileRef = 0FFB0DCF2E0E6B270071973F /* PostsFeedView.swift */; };
		0FFB0DD22E0E6D990071973F /* FeedContentView.swift in Sources */ = {isa = PBXBuildFile; fileRef = 0FFB0DD12E0E6D990071973F /* FeedContentView.swift */; };
		0FFB0DD42E0E6DAF0071973F /* HomeView.swift in Sources */ = {isa = PBXBuildFile; fileRef = 0FFB0DD32E0E6DAF0071973F /* HomeView.swift */; };
		0FFB0DE02E0E6FF40071973F /* topic-page-8.json in Resources */ = {isa = PBXBuildFile; fileRef = 0FFB0DDC2E0E6FF40071973F /* topic-page-8.json */; };
		0FFB0DE12E0E6FF40071973F /* topic-page-5.json in Resources */ = {isa = PBXBuildFile; fileRef = 0FFB0DD92E0E6FF40071973F /* topic-page-5.json */; };
		0FFB0DE22E0E6FF40071973F /* topic-page-2.json in Resources */ = {isa = PBXBuildFile; fileRef = 0FFB0DD62E0E6FF40071973F /* topic-page-2.json */; };
		0FFB0DE32E0E6FF40071973F /* topic-page-10.json in Resources */ = {isa = PBXBuildFile; fileRef = 0FFB0DDE2E0E6FF40071973F /* topic-page-10.json */; };
		0FFB0DE42E0E6FF40071973F /* topic-page-4.json in Resources */ = {isa = PBXBuildFile; fileRef = 0FFB0DD82E0E6FF40071973F /* topic-page-4.json */; };
		0FFB0DE52E0E6FF40071973F /* topic-page-1.json in Resources */ = {isa = PBXBuildFile; fileRef = 0FFB0DD52E0E6FF40071973F /* topic-page-1.json */; };
		0FFB0DE62E0E6FF40071973F /* topic-page-9.json in Resources */ = {isa = PBXBuildFile; fileRef = 0FFB0DDD2E0E6FF40071973F /* topic-page-9.json */; };
		0FFB0DE72E0E6FF40071973F /* topic-page-7.json in Resources */ = {isa = PBXBuildFile; fileRef = 0FFB0DDB2E0E6FF40071973F /* topic-page-7.json */; };
		0FFB0DE82E0E6FF40071973F /* topic-page-3.json in Resources */ = {isa = PBXBuildFile; fileRef = 0FFB0DD72E0E6FF40071973F /* topic-page-3.json */; };
		0FFB0DE92E0E6FF40071973F /* topic-page-6.json in Resources */ = {isa = PBXBuildFile; fileRef = 0FFB0DDA2E0E6FF40071973F /* topic-page-6.json */; };
/* End PBXBuildFile section */

/* Begin PBXFileReference section */
		0FFB0D942E0D78240071973F /* ScrollLinkedTabs.app */ = {isa = PBXFileReference; explicitFileType = wrapper.application; includeInIndex = 0; path = ScrollLinkedTabs.app; sourceTree = BUILT_PRODUCTS_DIR; };
		0FFB0DA52E0D782C0071973F /* Preview Assets.xcassets */ = {isa = PBXFileReference; lastKnownFileType = folder.assetcatalog; path = "Preview Assets.xcassets"; sourceTree = "<group>"; };
		0FFB0DA72E0D782C0071973F /* Assets.xcassets */ = {isa = PBXFileReference; lastKnownFileType = folder.assetcatalog; path = Assets.xcassets; sourceTree = "<group>"; };
		0FFB0DA92E0D782C0071973F /* ScrollLinkedTabsApp.swift */ = {isa = PBXFileReference; lastKnownFileType = sourcecode.swift; path = ScrollLinkedTabsApp.swift; sourceTree = "<group>"; };
		0FFB0DB02E0D7DCD0071973F /* Post.swift */ = {isa = PBXFileReference; lastKnownFileType = sourcecode.swift; path = Post.swift; sourceTree = "<group>"; };
		0FFB0DB22E0D7DE50071973F /* Topic.swift */ = {isa = PBXFileReference; lastKnownFileType = sourcecode.swift; path = Topic.swift; sourceTree = "<group>"; };
		0FFB0DB42E0D7DFD0071973F /* FeedResponse.swift */ = {isa = PBXFileReference; lastKnownFileType = sourcecode.swift; path = FeedResponse.swift; sourceTree = "<group>"; };
		0FFB0DB62E0D7F360071973F /* FeedServiceProtocol.swift */ = {isa = PBXFileReference; lastKnownFileType = sourcecode.swift; path = FeedServiceProtocol.swift; sourceTree = "<group>"; };
		0FFB0DB82E0D7F4A0071973F /* FeedService.swift */ = {isa = PBXFileReference; lastKnownFileType = sourcecode.swift; path = FeedService.swift; sourceTree = "<group>"; };
		0FFB0DBE2E0E64F20071973F /* HomeViewModel.swift */ = {isa = PBXFileReference; lastKnownFileType = sourcecode.swift; path = HomeViewModel.swift; sourceTree = "<group>"; };
		0FFB0DC22E0E65D70071973F /* TabItemView.swift */ = {isa = PBXFileReference; lastKnownFileType = sourcecode.swift; path = TabItemView.swift; sourceTree = "<group>"; };
		0FFB0DC42E0E67D80071973F /* TabsBarView.swift */ = {isa = PBXFileReference; lastKnownFileType = sourcecode.swift; path = TabsBarView.swift; sourceTree = "<group>"; };
		0FFB0DC62E0E68DB0071973F /* PostView.swift */ = {isa = PBXFileReference; lastKnownFileType = sourcecode.swift; path = PostView.swift; sourceTree = "<group>"; };
		0FFB0DCB2E0E69DF0071973F /* Color+Hex.swift */ = {isa = PBXFileReference; lastKnownFileType = sourcecode.swift; path = "Color+Hex.swift"; sourceTree = "<group>"; };
		0FFB0DCF2E0E6B270071973F /* PostsFeedView.swift */ = {isa = PBXFileReference; lastKnownFileType = sourcecode.swift; path = PostsFeedView.swift; sourceTree = "<group>"; };
		0FFB0DD12E0E6D990071973F /* FeedContentView.swift */ = {isa = PBXFileReference; lastKnownFileType = sourcecode.swift; path = FeedContentView.swift; sourceTree = "<group>"; };
		0FFB0DD32E0E6DAF0071973F /* HomeView.swift */ = {isa = PBXFileReference; lastKnownFileType = sourcecode.swift; path = HomeView.swift; sourceTree = "<group>"; };
		0FFB0DD52E0E6FF40071973F /* topic-page-1.json */ = {isa = PBXFileReference; lastKnownFileType = text.json; path = "topic-page-1.json"; sourceTree = "<group>"; };
		0FFB0DD62E0E6FF40071973F /* topic-page-2.json */ = {isa = PBXFileReference; lastKnownFileType = text.json; path = "topic-page-2.json"; sourceTree = "<group>"; };
		0FFB0DD72E0E6FF40071973F /* topic-page-3.json */ = {isa = PBXFileReference; lastKnownFileType = text.json; path = "topic-page-3.json"; sourceTree = "<group>"; };
		0FFB0DD82E0E6FF40071973F /* topic-page-4.json */ = {isa = PBXFileReference; lastKnownFileType = text.json; path = "topic-page-4.json"; sourceTree = "<group>"; };
		0FFB0DD92E0E6FF40071973F /* topic-page-5.json */ = {isa = PBXFileReference; lastKnownFileType = text.json; path = "topic-page-5.json"; sourceTree = "<group>"; };
		0FFB0DDA2E0E6FF40071973F /* topic-page-6.json */ = {isa = PBXFileReference; lastKnownFileType = text.json; path = "topic-page-6.json"; sourceTree = "<group>"; };
		0FFB0DDB2E0E6FF40071973F /* topic-page-7.json */ = {isa = PBXFileReference; lastKnownFileType = text.json; path = "topic-page-7.json"; sourceTree = "<group>"; };
		0FFB0DDC2E0E6FF40071973F /* topic-page-8.json */ = {isa = PBXFileReference; lastKnownFileType = text.json; path = "topic-page-8.json"; sourceTree = "<group>"; };
		0FFB0DDD2E0E6FF40071973F /* topic-page-9.json */ = {isa = PBXFileReference; lastKnownFileType = text.json; path = "topic-page-9.json"; sourceTree = "<group>"; };
		0FFB0DDE2E0E6FF40071973F /* topic-page-10.json */ = {isa = PBXFileReference; lastKnownFileType = text.json; path = "topic-page-10.json"; sourceTree = "<group>"; };
/* End PBXFileReference section */

/* Begin PBXFrameworksBuildPhase section */
		0FFB0D912E0D78240071973F /* Frameworks */ = {
			isa = PBXFrameworksBuildPhase;
			buildActionMask = 2147483647;
			files = (
			);
			runOnlyForDeploymentPostprocessing = 0;
		};
/* End PBXFrameworksBuildPhase section */

/* Begin PBXGroup section */
		0FFB0D8B2E0D78240071973F = {
			isa = PBXGroup;
			children = (
				0FFB0DAA2E0D782C0071973F /* ScrollLinkedTabs */,
				0FFB0D952E0D78240071973F /* Products */,
			);
			sourceTree = "<group>";
		};
		0FFB0D952E0D78240071973F /* Products */ = {
			isa = PBXGroup;
			children = (
				0FFB0D942E0D78240071973F /* ScrollLinkedTabs.app */,
			);
			name = Products;
			sourceTree = "<group>";
		};
		0FFB0DA62E0D782C0071973F /* Preview Content */ = {
			isa = PBXGroup;
			children = (
				0FFB0DA52E0D782C0071973F /* Preview Assets.xcassets */,
			);
			path = "Preview Content";
			sourceTree = "<group>";
		};
		0FFB0DAA2E0D782C0071973F /* ScrollLinkedTabs */ = {
			isa = PBXGroup;
			children = (
				0FFB0DA62E0D782C0071973F /* Preview Content */,
				0FFB0DA72E0D782C0071973F /* Assets.xcassets */,
				0FFB0DA92E0D782C0071973F /* ScrollLinkedTabsApp.swift */,
				0FFB0DAF2E0D7CDE0071973F /* Models */,
				0FFB0DC12E0E64FA0071973F /* Views */,
				0FFB0DBF2E0E64F20071973F /* ViewModel */,
				0FFB0DBA2E0D7F7C0071973F /* Services */,
				0FFB0DCC2E0E69DF0071973F /* Extensions */,
				0FFB0DCE2E0E69F20071973F /* Resources */,
			);
			path = ScrollLinkedTabs;
			sourceTree = "<group>";
		};
		0FFB0DAF2E0D7CDE0071973F /* Models */ = {
			isa = PBXGroup;
			children = (
				0FFB0DB42E0D7DFD0071973F /* FeedResponse.swift */,
				0FFB0DB22E0D7DE50071973F /* Topic.swift */,
				0FFB0DB02E0D7DCD0071973F /* Post.swift */,
			);
			path = Models;
			sourceTree = "<group>";
		};
		0FFB0DBA2E0D7F7C0071973F /* Services */ = {
			isa = PBXGroup;
			children = (
				0FFB0DB62E0D7F360071973F /* FeedServiceProtocol.swift */,
				0FFB0DB82E0D7F4A0071973F /* FeedService.swift */,
			);
			path = Services;
			sourceTree = "<group>";
		};
		0FFB0DBF2E0E64F20071973F /* ViewModel */ = {
			isa = PBXGroup;
			children = (
				0FFB0DBE2E0E64F20071973F /* HomeViewModel.swift */,
			);
			path = ViewModel;
			sourceTree = "<group>";
		};
		0FFB0DC12E0E64FA0071973F /* Views */ = {
			isa = PBXGroup;
			children = (
				0FFB0DC22E0E65D70071973F /* TabItemView.swift */,
				0FFB0DC42E0E67D80071973F /* TabsBarView.swift */,
				0FFB0DC62E0E68DB0071973F /* PostView.swift */,
				0FFB0DCF2E0E6B270071973F /* PostsFeedView.swift */,
				0FFB0DD12E0E6D990071973F /* FeedContentView.swift */,
				0FFB0DD32E0E6DAF0071973F /* HomeView.swift */,
			);
			path = Views;
			sourceTree = "<group>";
		};
		0FFB0DCC2E0E69DF0071973F /* Extensions */ = {
			isa = PBXGroup;
			children = (
				0FFB0DCB2E0E69DF0071973F /* Color+Hex.swift */,
			);
			path = Extensions;
			sourceTree = "<group>";
		};
		0FFB0DCE2E0E69F20071973F /* Resources */ = {
			isa = PBXGroup;
			children = (
				0FFB0DDF2E0E6FF40071973F /* Topics */,
			);
			path = Resources;
			sourceTree = "<group>";
		};
		0FFB0DDF2E0E6FF40071973F /* Topics */ = {
			isa = PBXGroup;
			children = (
				0FFB0DD52E0E6FF40071973F /* topic-page-1.json */,
				0FFB0DD62E0E6FF40071973F /* topic-page-2.json */,
				0FFB0DD72E0E6FF40071973F /* topic-page-3.json */,
				0FFB0DD82E0E6FF40071973F /* topic-page-4.json */,
				0FFB0DD92E0E6FF40071973F /* topic-page-5.json */,
				0FFB0DDA2E0E6FF40071973F /* topic-page-6.json */,
				0FFB0DDB2E0E6FF40071973F /* topic-page-7.json */,
				0FFB0DDC2E0E6FF40071973F /* topic-page-8.json */,
				0FFB0DDD2E0E6FF40071973F /* topic-page-9.json */,
				0FFB0DDE2E0E6FF40071973F /* topic-page-10.json */,
			);
			path = Topics;
			sourceTree = "<group>";
		};
/* End PBXGroup section */

/* Begin PBXNativeTarget section */
		0FFB0D932E0D78240071973F /* ScrollLinkedTabs */ = {
			isa = PBXNativeTarget;
			buildConfigurationList = 0FFB0DA22E0D78250071973F /* Build configuration list for PBXNativeTarget "ScrollLinkedTabs" */;
			buildPhases = (
				0FFB0D902E0D78240071973F /* Sources */,
				0FFB0D912E0D78240071973F /* Frameworks */,
				0FFB0D922E0D78240071973F /* Resources */,
			);
			buildRules = (
			);
			dependencies = (
			);
			name = ScrollLinkedTabs;
			packageProductDependencies = (
			);
			productName = ScrollLinkedTabs;
			productReference = 0FFB0D942E0D78240071973F /* ScrollLinkedTabs.app */;
			productType = "com.apple.product-type.application";
		};
/* End PBXNativeTarget section */

/* Begin PBXProject section */
		0FFB0D8C2E0D78240071973F /* Project object */ = {
			isa = PBXProject;
			attributes = {
				BuildIndependentTargetsInParallel = 1;
				LastSwiftUpdateCheck = 1610;
				LastUpgradeCheck = 1610;
				TargetAttributes = {
					0FFB0D932E0D78240071973F = {
						CreatedOnToolsVersion = 16.1;
					};
				};
			};
			buildConfigurationList = 0FFB0D8F2E0D78240071973F /* Build configuration list for PBXProject "ScrollLinkedTabs" */;
			developmentRegion = en;
			hasScannedForEncodings = 0;
			knownRegions = (
				en,
				Base,
			);
			mainGroup = 0FFB0D8B2E0D78240071973F;
			minimizedProjectReferenceProxies = 1;
			preferredProjectObjectVersion = 77;
			productRefGroup = 0FFB0D952E0D78240071973F /* Products */;
			projectDirPath = "";
			projectRoot = "";
			targets = (
				0FFB0D932E0D78240071973F /* ScrollLinkedTabs */,
			);
		};
/* End PBXProject section */

/* Begin PBXResourcesBuildPhase section */
		0FFB0D922E0D78240071973F /* Resources */ = {
			isa = PBXResourcesBuildPhase;
			buildActionMask = 2147483647;
			files = (
				0FFB0DE02E0E6FF40071973F /* topic-page-8.json in Resources */,
				0FFB0DE12E0E6FF40071973F /* topic-page-5.json in Resources */,
				0FFB0DE22E0E6FF40071973F /* topic-page-2.json in Resources */,
				0FFB0DE32E0E6FF40071973F /* topic-page-10.json in Resources */,
				0FFB0DE42E0E6FF40071973F /* topic-page-4.json in Resources */,
				0FFB0DE52E0E6FF40071973F /* topic-page-1.json in Resources */,
				0FFB0DE62E0E6FF40071973F /* topic-page-9.json in Resources */,
				0FFB0DE72E0E6FF40071973F /* topic-page-7.json in Resources */,
				0FFB0DE82E0E6FF40071973F /* topic-page-3.json in Resources */,
				0FFB0DE92E0E6FF40071973F /* topic-page-6.json in Resources */,
				0FFB0DAD2E0D782C0071973F /* Preview Assets.xcassets in Resources */,
				0FFB0DAE2E0D782C0071973F /* Assets.xcassets in Resources */,
			);
			runOnlyForDeploymentPostprocessing = 0;
		};
/* End PBXResourcesBuildPhase section */

/* Begin PBXSourcesBuildPhase section */
		0FFB0D902E0D78240071973F /* Sources */ = {
			isa = PBXSourcesBuildPhase;
			buildActionMask = 2147483647;
			files = (
				0FFB0DC32E0E65D70071973F /* TabItemView.swift in Sources */,
				0FFB0DB12E0D7DCD0071973F /* Post.swift in Sources */,
				0FFB0DB72E0D7F360071973F /* FeedServiceProtocol.swift in Sources */,
				0FFB0DD42E0E6DAF0071973F /* HomeView.swift in Sources */,
				0FFB0DB92E0D7F4A0071973F /* FeedService.swift in Sources */,
				0FFB0DC52E0E67D80071973F /* TabsBarView.swift in Sources */,
				0FFB0DCD2E0E69DF0071973F /* Color+Hex.swift in Sources */,
				0FFB0DC02E0E64F20071973F /* HomeViewModel.swift in Sources */,
				0FFB0DC72E0E68DB0071973F /* PostView.swift in Sources */,
				0FFB0DD22E0E6D990071973F /* FeedContentView.swift in Sources */,
				0FFB0DB32E0D7DE50071973F /* Topic.swift in Sources */,
				0FFB0DAC2E0D782C0071973F /* ScrollLinkedTabsApp.swift in Sources */,
				0FFB0DD02E0E6B270071973F /* PostsFeedView.swift in Sources */,
				0FFB0DB52E0D7DFD0071973F /* FeedResponse.swift in Sources */,
			);
			runOnlyForDeploymentPostprocessing = 0;
		};
/* End PBXSourcesBuildPhase section */

/* Begin XCBuildConfiguration section */
		0FFB0DA02E0D78250071973F /* Debug */ = {
			isa = XCBuildConfiguration;
			buildSettings = {
				ALWAYS_SEARCH_USER_PATHS = NO;
				ASSETCATALOG_COMPILER_GENERATE_SWIFT_ASSET_SYMBOL_EXTENSIONS = YES;
				CLANG_ANALYZER_NONNULL = YES;
				CLANG_ANALYZER_NUMBER_OBJECT_CONVERSION = YES_AGGRESSIVE;
				CLANG_CXX_LANGUAGE_STANDARD = "gnu++20";
				CLANG_ENABLE_MODULES = YES;
				CLANG_ENABLE_OBJC_ARC = YES;
				CLANG_ENABLE_OBJC_WEAK = YES;
				CLANG_WARN_BLOCK_CAPTURE_AUTORELEASING = YES;
				CLANG_WARN_BOOL_CONVERSION = YES;
				CLANG_WARN_COMMA = YES;
				CLANG_WARN_CONSTANT_CONVERSION = YES;
				CLANG_WARN_DEPRECATED_OBJC_IMPLEMENTATIONS = YES;
				CLANG_WARN_DIRECT_OBJC_ISA_USAGE = YES_ERROR;
				CLANG_WARN_DOCUMENTATION_COMMENTS = YES;
				CLANG_WARN_EMPTY_BODY = YES;
				CLANG_WARN_ENUM_CONVERSION = YES;
				CLANG_WARN_INFINITE_RECURSION = YES;
				CLANG_WARN_INT_CONVERSION = YES;
				CLANG_WARN_NON_LITERAL_NULL_CONVERSION = YES;
				CLANG_WARN_OBJC_IMPLICIT_RETAIN_SELF = YES;
				CLANG_WARN_OBJC_LITERAL_CONVERSION = YES;
				CLANG_WARN_OBJC_ROOT_CLASS = YES_ERROR;
				CLANG_WARN_QUOTED_INCLUDE_IN_FRAMEWORK_HEADER = YES;
				CLANG_WARN_RANGE_LOOP_ANALYSIS = YES;
				CLANG_WARN_STRICT_PROTOTYPES = YES;
				CLANG_WARN_SUSPICIOUS_MOVE = YES;
				CLANG_WARN_UNGUARDED_AVAILABILITY = YES_AGGRESSIVE;
				CLANG_WARN_UNREACHABLE_CODE = YES;
				CLANG_WARN__DUPLICATE_METHOD_MATCH = YES;
				COPY_PHASE_STRIP = NO;
				DEBUG_INFORMATION_FORMAT = dwarf;
				ENABLE_STRICT_OBJC_MSGSEND = YES;
				ENABLE_TESTABILITY = YES;
				ENABLE_USER_SCRIPT_SANDBOXING = YES;
				GCC_C_LANGUAGE_STANDARD = gnu17;
				GCC_DYNAMIC_NO_PIC = NO;
				GCC_NO_COMMON_BLOCKS = YES;
				GCC_OPTIMIZATION_LEVEL = 0;
				GCC_PREPROCESSOR_DEFINITIONS = (
					"DEBUG=1",
					"$(inherited)",
				);
				GCC_WARN_64_TO_32_BIT_CONVERSION = YES;
				GCC_WARN_ABOUT_RETURN_TYPE = YES_ERROR;
				GCC_WARN_UNDECLARED_SELECTOR = YES;
				GCC_WARN_UNINITIALIZED_AUTOS = YES_AGGRESSIVE;
				GCC_WARN_UNUSED_FUNCTION = YES;
				GCC_WARN_UNUSED_VARIABLE = YES;
				IPHONEOS_DEPLOYMENT_TARGET = 18.1;
				LOCALIZATION_PREFERS_STRING_CATALOGS = YES;
				MTL_ENABLE_DEBUG_INFO = INCLUDE_SOURCE;
				MTL_FAST_MATH = YES;
				ONLY_ACTIVE_ARCH = YES;
				SDKROOT = iphoneos;
				SWIFT_ACTIVE_COMPILATION_CONDITIONS = "DEBUG $(inherited)";
				SWIFT_OPTIMIZATION_LEVEL = "-Onone";
			};
			name = Debug;
		};
		0FFB0DA12E0D78250071973F /* Release */ = {
			isa = XCBuildConfiguration;
			buildSettings = {
				ALWAYS_SEARCH_USER_PATHS = NO;
				ASSETCATALOG_COMPILER_GENERATE_SWIFT_ASSET_SYMBOL_EXTENSIONS = YES;
				CLANG_ANALYZER_NONNULL = YES;
				CLANG_ANALYZER_NUMBER_OBJECT_CONVERSION = YES_AGGRESSIVE;
				CLANG_CXX_LANGUAGE_STANDARD = "gnu++20";
				CLANG_ENABLE_MODULES = YES;
				CLANG_ENABLE_OBJC_ARC = YES;
				CLANG_ENABLE_OBJC_WEAK = YES;
				CLANG_WARN_BLOCK_CAPTURE_AUTORELEASING = YES;
				CLANG_WARN_BOOL_CONVERSION = YES;
				CLANG_WARN_COMMA = YES;
				CLANG_WARN_CONSTANT_CONVERSION = YES;
				CLANG_WARN_DEPRECATED_OBJC_IMPLEMENTATIONS = YES;
				CLANG_WARN_DIRECT_OBJC_ISA_USAGE = YES_ERROR;
				CLANG_WARN_DOCUMENTATION_COMMENTS = YES;
				CLANG_WARN_EMPTY_BODY = YES;
				CLANG_WARN_ENUM_CONVERSION = YES;
				CLANG_WARN_INFINITE_RECURSION = YES;
				CLANG_WARN_INT_CONVERSION = YES;
				CLANG_WARN_NON_LITERAL_NULL_CONVERSION = YES;
				CLANG_WARN_OBJC_IMPLICIT_RETAIN_SELF = YES;
				CLANG_WARN_OBJC_LITERAL_CONVERSION = YES;
				CLANG_WARN_OBJC_ROOT_CLASS = YES_ERROR;
				CLANG_WARN_QUOTED_INCLUDE_IN_FRAMEWORK_HEADER = YES;
				CLANG_WARN_RANGE_LOOP_ANALYSIS = YES;
				CLANG_WARN_STRICT_PROTOTYPES = YES;
				CLANG_WARN_SUSPICIOUS_MOVE = YES;
				CLANG_WARN_UNGUARDED_AVAILABILITY = YES_AGGRESSIVE;
				CLANG_WARN_UNREACHABLE_CODE = YES;
				CLANG_WARN__DUPLICATE_METHOD_MATCH = YES;
				COPY_PHASE_STRIP = NO;
				DEBUG_INFORMATION_FORMAT = "dwarf-with-dsym";
				ENABLE_NS_ASSERTIONS = NO;
				ENABLE_STRICT_OBJC_MSGSEND = YES;
				ENABLE_USER_SCRIPT_SANDBOXING = YES;
				GCC_C_LANGUAGE_STANDARD = gnu17;
				GCC_NO_COMMON_BLOCKS = YES;
				GCC_WARN_64_TO_32_BIT_CONVERSION = YES;
				GCC_WARN_ABOUT_RETURN_TYPE = YES_ERROR;
				GCC_WARN_UNDECLARED_SELECTOR = YES;
				GCC_WARN_UNINITIALIZED_AUTOS = YES_AGGRESSIVE;
				GCC_WARN_UNUSED_FUNCTION = YES;
				GCC_WARN_UNUSED_VARIABLE = YES;
				IPHONEOS_DEPLOYMENT_TARGET = 18.1;
				LOCALIZATION_PREFERS_STRING_CATALOGS = YES;
				MTL_ENABLE_DEBUG_INFO = NO;
				MTL_FAST_MATH = YES;
				SDKROOT = iphoneos;
				SWIFT_COMPILATION_MODE = wholemodule;
				VALIDATE_PRODUCT = YES;
			};
			name = Release;
		};
		0FFB0DA32E0D78250071973F /* Debug */ = {
			isa = XCBuildConfiguration;
			buildSettings = {
				ASSETCATALOG_COMPILER_APPICON_NAME = AppIcon;
				ASSETCATALOG_COMPILER_GLOBAL_ACCENT_COLOR_NAME = AccentColor;
				CODE_SIGN_STYLE = Automatic;
				CURRENT_PROJECT_VERSION = 1;
				DEVELOPMENT_ASSET_PATHS = "\"ScrollLinkedTabs/Preview Content\"";
				DEVELOPMENT_TEAM = X3YKR6M53J;
				ENABLE_PREVIEWS = YES;
				GENERATE_INFOPLIST_FILE = YES;
				INFOPLIST_KEY_UIApplicationSceneManifest_Generation = YES;
				INFOPLIST_KEY_UIApplicationSupportsIndirectInputEvents = YES;
				INFOPLIST_KEY_UILaunchScreen_Generation = YES;
				INFOPLIST_KEY_UISupportedInterfaceOrientations_iPad = "UIInterfaceOrientationPortrait UIInterfaceOrientationPortraitUpsideDown UIInterfaceOrientationLandscapeLeft UIInterfaceOrientationLandscapeRight";
				INFOPLIST_KEY_UISupportedInterfaceOrientations_iPhone = "UIInterfaceOrientationPortrait UIInterfaceOrientationLandscapeLeft UIInterfaceOrientationLandscapeRight";
				LD_RUNPATH_SEARCH_PATHS = (
					"$(inherited)",
					"@executable_path/Frameworks",
				);
				MARKETING_VERSION = 1.0;
				PRODUCT_BUNDLE_IDENTIFIER = com.demo.ScrollLinkedTabs;
				PRODUCT_NAME = "$(TARGET_NAME)";
				SWIFT_EMIT_LOC_STRINGS = YES;
				SWIFT_VERSION = 5.0;
				TARGETED_DEVICE_FAMILY = "1,2";
			};
			name = Debug;
		};
		0FFB0DA42E0D78250071973F /* Release */ = {
			isa = XCBuildConfiguration;
			buildSettings = {
				ASSETCATALOG_COMPILER_APPICON_NAME = AppIcon;
				ASSETCATALOG_COMPILER_GLOBAL_ACCENT_COLOR_NAME = AccentColor;
				CODE_SIGN_STYLE = Automatic;
				CURRENT_PROJECT_VERSION = 1;
				DEVELOPMENT_ASSET_PATHS = "\"ScrollLinkedTabs/Preview Content\"";
				DEVELOPMENT_TEAM = X3YKR6M53J;
				ENABLE_PREVIEWS = YES;
				GENERATE_INFOPLIST_FILE = YES;
				INFOPLIST_KEY_UIApplicationSceneManifest_Generation = YES;
				INFOPLIST_KEY_UIApplicationSupportsIndirectInputEvents = YES;
				INFOPLIST_KEY_UILaunchScreen_Generation = YES;
				INFOPLIST_KEY_UISupportedInterfaceOrientations_iPad = "UIInterfaceOrientationPortrait UIInterfaceOrientationPortraitUpsideDown UIInterfaceOrientationLandscapeLeft UIInterfaceOrientationLandscapeRight";
				INFOPLIST_KEY_UISupportedInterfaceOrientations_iPhone = "UIInterfaceOrientationPortrait UIInterfaceOrientationLandscapeLeft UIInterfaceOrientationLandscapeRight";
				LD_RUNPATH_SEARCH_PATHS = (
					"$(inherited)",
					"@executable_path/Frameworks",
				);
				MARKETING_VERSION = 1.0;
				PRODUCT_BUNDLE_IDENTIFIER = com.demo.ScrollLinkedTabs;
				PRODUCT_NAME = "$(TARGET_NAME)";
				SWIFT_EMIT_LOC_STRINGS = YES;
				SWIFT_VERSION = 5.0;
				TARGETED_DEVICE_FAMILY = "1,2";
			};
			name = Release;
		};
/* End XCBuildConfiguration section */

/* Begin XCConfigurationList section */
		0FFB0D8F2E0D78240071973F /* Build configuration list for PBXProject "ScrollLinkedTabs" */ = {
			isa = XCConfigurationList;
			buildConfigurations = (
				0FFB0DA02E0D78250071973F /* Debug */,
				0FFB0DA12E0D78250071973F /* Release */,
			);
			defaultConfigurationIsVisible = 0;
			defaultConfigurationName = Release;
		};
		0FFB0DA22E0D78250071973F /* Build configuration list for PBXNativeTarget "ScrollLinkedTabs" */ = {
			isa = XCConfigurationList;
			buildConfigurations = (
				0FFB0DA32E0D78250071973F /* Debug */,
				0FFB0DA42E0D78250071973F /* Release */,
			);
			defaultConfigurationIsVisible = 0;
			defaultConfigurationName = Release;
		};
/* End XCConfigurationList section */
	};
	rootObject = 0FFB0D8C2E0D78240071973F /* Project object */;
}
